dependencies:
  espressif/button:
    component_hash: ad64de1d1b8aa139564810a8519b2f1ac275a560a512479ee94c1b6983469d4b
    dependencies:
    - name: espressif/cmake_utilities
      registry_url: https://components.espressif.com
      require: private
      version: '*'
    - name: idf
      require: private
      version: '>=4.0'
    source:
      registry_url: https://components.espressif.com/
      type: service
    version: 4.2.0
  espressif/cmake_utilities:
    component_hash: 05165f30922b422b4b90c08845e6d449329b97370fbd06309803d8cb539d79e3
    dependencies:
    - name: idf
      require: private
      version: '>=4.1'
    source:
      registry_url: https://components.espressif.com
      type: service
    version: 1.1.1
  espressif/esp_jpeg:
    component_hash: defb83669293cbf86d0fa86b475ba5517aceed04ed70db435388c151ab37b5d7
    dependencies:
    - name: idf
      require: private
      version: '>=5.0'
    source:
      registry_url: https://components.espressif.com/
      type: service
    version: 1.3.1
  idf:
    source:
      type: idf
    version: 5.4.4
  lvgl/lvgl:
    component_hash: d7c1ac037ae6e85d94897f807d6e7ba0946a83e720074fc95a4f6241da9f9f53
    dependencies: []
    source:
      registry_url: https://components.espressif.com/
      type: service
    version: 8.4.0
direct_dependencies:
- espressif/button
- espressif/esp_jpeg
- idf
- lvgl/lvgl
manifest_hash: 7d0d259937a0458dea4a01cc86670bdac6aaeb5eeffec136ac383b2ba1cd94d0
target: esp32c3
version: 2.0.0
